Microsoft Visual Studio Solution File, Format Version 12.00
# Visual Studio 2012
Project("{114826B6-D15D-CEBE-4B80-D5C8FC4C07DF}") = "MainProject", "Assembly-CSharp.csproj", "{B92D0A30-8CDF-67DD-4C51-5A1073199C95}"
EndProject
Project("{114826B6-D15D-CEBE-4B80-D5C8FC4C07DF}") = "MainProject", "Assembly-CSharp-Editor.csproj", "{59A15CCF-A0C5-D9C3-E35F-649FBDFECF53}"
EndProject
Global
	GlobalSection(SolutionConfigurationPlatforms) = preSolution
		Debug|Any CPU = Debug|Any CPU
		Release|Any CPU = Release|Any CPU
	EndGlobalSection
	GlobalSection(ProjectConfigurationPlatforms) = postSolution
		{B92D0A30-8CDF-67DD-4C51-5A1073199C95}.Debug|Any CPU.ActiveCfg = Debug|Any CPU
		{B92D0A30-8CDF-67DD-4C51-5A1073199C95}.Debug|Any CPU.Build.0 = Debug|Any CPU
		{B92D0A30-8CDF-67DD-4C51-5A1073199C95}.Release|Any CPU.ActiveCfg = Release|Any CPU
		{B92D0A30-8CDF-67DD-4C51-5A1073199C95}.Release|Any CPU.Build.0 = Release|Any CPU
		{59A15CCF-A0C5-D9C3-E35F-649FBDFECF53}.Debug|Any CPU.ActiveCfg = Debug|Any CPU
		{59A15CCF-A0C5-D9C3-E35F-649FBDFECF53}.Debug|Any CPU.Build.0 = Debug|Any CPU
		{59A15CCF-A0C5-D9C3-E35F-649FBDFECF53}.Release|Any CPU.ActiveCfg = Release|Any CPU
		{59A15CCF-A0C5-D9C3-E35F-649FBDFECF53}.Release|Any CPU.Build.0 = Release|Any CPU
	EndGlobalSection
	GlobalSection(MonoDevelopProperties) = preSolution
		StartupItem = Assembly-CSharp.csproj
	EndGlobalSection
EndGlobal
